
Microsoft Visual Studio Solution File, Format Version 12.00
# Visual Studio Version 16
VisualStudioVersion = 16.0.31105.61
MinimumVisualStudioVersion = 10.0.40219.1
Project("{9A19103F-16F7-4668-BE54-9A1E7A4F7556}") = "WebApp", "WebApp.csproj", "{E9283685-D0C7-4696-8F89-42926AB42B42}"
EndProject
Global
	GlobalSection(SolutionConfigurationPlatforms) = preSolution
		Debug|Any CPU = Debug|Any CPU
		Release|Any CPU = Release|Any CPU
	EndGlobalSection
	GlobalSection(ProjectConfigurationPlatforms) = postSolution
		{E9283685-D0C7-4696-8F89-42926AB42B42}.Debug|Any CPU.ActiveCfg = Debug|Any CPU
		{E9283685-D0C7-4696-8F89-42926AB42B42}.Debug|Any CPU.Build.0 = Debug|Any CPU
		{E9283685-D0C7-4696-8F89-42926AB42B42}.Release|Any CPU.ActiveCfg = Release|Any CPU
		{E9283685-D0C7-4696-8F89-42926AB42B42}.Release|Any CPU.Build.0 = Release|Any CPU
	EndGlobalSection
	GlobalSection(SolutionProperties) = preSolution
		HideSolutionNode = FALSE
	EndGlobalSection
	GlobalSection(ExtensibilityGlobals) = postSolution
		SolutionGuid = {0DFCA541-5583-4DF5-B68A-A930F89F7136}
	EndGlobalSection
EndGlobal
